{
  "name": "ttray-app",
  "lockfileVersion": 2,
  "requires": true,
  "packages": {
    "": {
      "name": "ttray-app",
      "dependencies": {
        "@tauri-apps/api": "^1.0.1"
      },
      "devDependencies": {
        "@tauri-apps/cli": "^1.0.2"
      }
    },
    "node_modules/@tauri-apps/api": {
      "version": "1.0.1",
      "resolved": "https://registry.npmjs.org/@tauri-apps/api/-/api-1.0.1.tgz",
      "integrity": "sha512-TJwKkXxtF52kN9Auu5TWD2AE4ssqTrsfdpIrixYwRb3gQ/FuYwvZjrMc9weYpgsW2cMhVNkvKgneNXF/4n04lw==",
      "dependencies": {
        "type-fest": "2.13.1"
      },
      "engines": {
        "node": ">= 12.22.0",
        "npm": ">= 6.6.0",
        "yarn": ">= 1.19.1"
      },
      "funding": {
        "type": "opencollective",
        "url": "https://opencollective.com/tauri"
      }
    },
    "node_modules/@tauri-apps/cli": {
      "version": "1.0.2",
      "resolved": "https://registry.npmjs.org/@tauri-apps/cli/-/cli-1.0.2.tgz",
      "integrity": "sha512-OJdQJVwtKnTAuv2a9JQlOd0gHbbGsXwT+N6M6YQiXZ3/5WdlXey1zhnD78GXwZsf8Cz0R7QIGTBECO4ur4fnKg==",
      "dev": true,
      "bin": {
        "tauri": "tauri.js"
      },
      "engines": {
        "node": ">= 10"
      },
      "funding": {
        "type": "opencollective",
        "url": "https://opencollective.com/tauri"
      },
      "optionalDependencies": {
        "@tauri-apps/cli-darwin-arm64": "1.0.2",
        "@tauri-apps/cli-darwin-x64": "1.0.2",
        "@tauri-apps/cli-linux-arm-gnueabihf": "1.0.2",
        "@tauri-apps/cli-linux-arm64-gnu": "1.0.2",
        "@tauri-apps/cli-linux-arm64-musl": "1.0.2",
        "@tauri-apps/cli-linux-x64-gnu": "1.0.2",
        "@tauri-apps/cli-linux-x64-musl": "1.0.2",
        "@tauri-apps/cli-win32-ia32-msvc": "1.0.2",
        "@tauri-apps/cli-win32-x64-msvc": "1.0.2"
      }
    },
    "node_modules/@tauri-apps/cli-darwin-arm64": {
      "version": "1.0.2",
      "resolved": "https://registry.npmjs.org/@tauri-apps/cli-darwin-arm64/-/cli-darwin-arm64-1.0.2.tgz",
      "integrity": "sha512-Ahd951yoYon1+WLNBg6xsx6Bb7+GJt7WwC1FllHZ2/iLCbrtWCS2qfeLS0L4ngBqCuWyL35JC/M2LIr9mcUzrg==",
      "cpu": [
        "arm64"
      ],
      "dev": true,
      "optional": true,
      "os": [
        "darwin"
      ],
      "engines": {
        "node": ">= 10"
      }
    },
    "node_modules/@tauri-apps/cli-darwin-x64": {
      "version": "1.0.2",
      "resolved": "https://registry.npmjs.org/@tauri-apps/cli-darwin-x64/-/cli-darwin-x64-1.0.2.tgz",
      "integrity": "sha512-8wo+SN1zWoXFQVa/iyEt3Cs0vNMjxDXqVe3Srm4UNpgKboFN5mIgbugwqvM+aJKnEZAH8h8n+ZJUHzc4wtPGHA==",
      "cpu": [
        "x64"
      ],
      "dev": true,
      "optional": true,
      "os": [
        "darwin"
      ],
      "engines": {
        "node": ">= 10"
      }
    },
    "node_modules/@tauri-apps/cli-linux-arm-gnueabihf": {
      "version": "1.0.2",
      "resolved": "https://registry.npmjs.org/@tauri-apps/cli-linux-arm-gnueabihf/-/cli-linux-arm-gnueabihf-1.0.2.tgz",
      "integrity": "sha512-PGQghMn0adt9PTnyi2K2o/CLG3tWbOyZvwQjam5cfQbK757WmMgPErC1VqsxiQc+PItWYvqoE9gjANiFc2MpAQ==",
      "cpu": [
        "arm"
      ],
      "dev": true,
      "optional": true,
      "os": [
        "linux"
      ],
      "engines": {
        "node": ">= 10"
      }
    },
    "node_modules/@tauri-apps/cli-linux-arm64-gnu": {
      "version": "1.0.2",
      "resolved": "https://registry.npmjs.org/@tauri-apps/cli-linux-arm64-gnu/-/cli-linux-arm64-gnu-1.0.2.tgz",
      "integrity": "sha512-Uc+XNlWelrnRh7DYrdxBi8Oam9JAQM1GzgEwjupF6Pv7BwlODN7s0HImGPQOKrEkqzpfmYw7KpfgWiiEjS5/3Q==",
      "cpu": [
        "arm64"
      ],
      "dev": true,
      "optional": true,
      "os": [
        "linux"
      ],
      "engines": {
        "node": ">= 10"
      }
    },
    "node_modules/@tauri-apps/cli-linux-arm64-musl": {
      "version": "1.0.2",
      "resolved": "https://registry.npmjs.org/@tauri-apps/cli-linux-arm64-musl/-/cli-linux-arm64-musl-1.0.2.tgz",
      "integrity": "sha512-lVwCG1QzQs2zWP32H4+Dw8NKgJ6hBox2X+bmawGfV9Ce+K4P84bnqfNgpdaSAncjeiTjrO+g7yT9gJFQCOrjlQ==",
      "cpu": [
        "arm64"
      ],
      "dev": true,
      "optional": true,
      "os": [
        "linux"
      ],
      "engines": {
        "node": ">= 10"
      }
    },
    "node_modules/@tauri-apps/cli-linux-x64-gnu": {
      "version": "1.0.2",
      "resolved": "https://registry.npmjs.org/@tauri-apps/cli-linux-x64-gnu/-/cli-linux-x64-gnu-1.0.2.tgz",
      "integrity": "sha512-G2XmGxvufW9sgGhA3rx+HehcifVTUo8zyISd8DpvGwtpp6Z4WakbivzKFyGiNnnok0nvj/WUrLgBxtUbfdSY+A==",
      "cpu": [
        "x64"
      ],
      "dev": true,
      "optional": true,
      "os": [
        "linux"
      ],
      "engines": {
        "node": ">= 10"
      }
    },
    "node_modules/@tauri-apps/cli-linux-x64-musl": {
      "version": "1.0.2",
      "resolved": "https://registry.npmjs.org/@tauri-apps/cli-linux-x64-musl/-/cli-linux-x64-musl-1.0.2.tgz",
      "integrity": "sha512-/eX536p+KXSmkFuINGeU6EQmYiQEXj6JXbmetmJmkXN0297HbtH3rS3wlyVDCnobRzh1hMeOJEnV+XA20GghMA==",
      "cpu": [
        "x64"
      ],
      "dev": true,
      "optional": true,
      "os": [
        "linux"
      ],
      "engines": {
        "node": ">= 10"
      }
    },
    "node_modules/@tauri-apps/cli-win32-ia32-msvc": {
      "version": "1.0.2",
      "resolved": "https://registry.npmjs.org/@tauri-apps/cli-win32-ia32-msvc/-/cli-win32-ia32-msvc-1.0.2.tgz",
      "integrity": "sha512-ZvnaKkCABqUbyUKlNk4RdxKyfOte30D5BxN1pj6iZNeKAwXEuTcgP6iPzOovdeaDirkIjcWCEZymwtZDXN4Rvg==",
      "cpu": [
        "ia32"
      ],
      "dev": true,
      "optional": true,
      "os": [
        "win32"
      ],
      "engines": {
        "node": ">= 10"
      }
    },
    "node_modules/@tauri-apps/cli-win32-x64-msvc": {
      "version": "1.0.2",
      "resolved": "https://registry.npmjs.org/@tauri-apps/cli-win32-x64-msvc/-/cli-win32-x64-msvc-1.0.2.tgz",
      "integrity": "sha512-uMcQyQQD7nyxps34HyYBYUYzFwH26lP58/qdT/GZWvBL1Sv2rqkQXuxHT7xtp4g7nTs0fGRWOtfcnvYIr/1wDw==",
      "cpu": [
        "x64"
      ],
      "dev": true,
      "optional": true,
      "os": [
        "win32"
      ],
      "engines": {
        "node": ">= 10"
      }
    },
    "node_modules/type-fest": {
      "version": "2.13.1",
      "resolved": "https://registry.npmjs.org/type-fest/-/type-fest-2.13.1.tgz",
      "integrity": "sha512-hXYyrPFwETT2swFLHeoKtJrvSF/ftG/sA15/8nGaLuaDGfVAaq8DYFpu4yOyV4tzp082WqnTEoMsm3flKMI2FQ==",
      "engines": {
        "node": ">=12.20"
      },
      "funding": {
        "url": "https://github.com/sponsors/sindresorhus"
      }
    }
  },
  "dependencies": {
    "@tauri-apps/api": {
      "version": "1.0.1",
      "resolved": "https://registry.npmjs.org/@tauri-apps/api/-/api-1.0.1.tgz",
      "integrity": "sha512-TJwKkXxtF52kN9Auu5TWD2AE4ssqTrsfdpIrixYwRb3gQ/FuYwvZjrMc9weYpgsW2cMhVNkvKgneNXF/4n04lw==",
      "requires": {
        "type-fest": "2.13.1"
      }
    },
    "@tauri-apps/cli": {
      "version": "1.0.2",
      "resolved": "https://registry.npmjs.org/@tauri-apps/cli/-/cli-1.0.2.tgz",
      "integrity": "sha512-OJdQJVwtKnTAuv2a9JQlOd0gHbbGsXwT+N6M6YQiXZ3/5WdlXey1zhnD78GXwZsf8Cz0R7QIGTBECO4ur4fnKg==",
      "dev": true,
      "requires": {
        "@tauri-apps/cli-darwin-arm64": "1.0.2",
        "@tauri-apps/cli-darwin-x64": "1.0.2",
        "@tauri-apps/cli-linux-arm-gnueabihf": "1.0.2",
        "@tauri-apps/cli-linux-arm64-gnu": "1.0.2",
        "@tauri-apps/cli-linux-arm64-musl": "1.0.2",
        "@tauri-apps/cli-linux-x64-gnu": "1.0.2",
        "@tauri-apps/cli-linux-x64-musl": "1.0.2",
        "@tauri-apps/cli-win32-ia32-msvc": "1.0.2",
        "@tauri-apps/cli-win32-x64-msvc": "1.0.2"
      }
    },
    "@tauri-apps/cli-darwin-arm64": {
      "version": "1.0.2",
      "resolved": "https://registry.npmjs.org/@tauri-apps/cli-darwin-arm64/-/cli-darwin-arm64-1.0.2.tgz",
      "integrity": "sha512-Ahd951yoYon1+WLNBg6xsx6Bb7+GJt7WwC1FllHZ2/iLCbrtWCS2qfeLS0L4ngBqCuWyL35JC/M2LIr9mcUzrg==",
      "dev": true,
      "optional": true
    },
    "@tauri-apps/cli-darwin-x64": {
      "version": "1.0.2",
      "resolved": "https://registry.npmjs.org/@tauri-apps/cli-darwin-x64/-/cli-darwin-x64-1.0.2.tgz",
      "integrity": "sha512-8wo+SN1zWoXFQVa/iyEt3Cs0vNMjxDXqVe3Srm4UNpgKboFN5mIgbugwqvM+aJKnEZAH8h8n+ZJUHzc4wtPGHA==",
      "dev": true,
      "optional": true
    },
    "@tauri-apps/cli-linux-arm-gnueabihf": {
      "version": "1.0.2",
      "resolved": "https://registry.npmjs.org/@tauri-apps/cli-linux-arm-gnueabihf/-/cli-linux-arm-gnueabihf-1.0.2.tgz",
      "integrity": "sha512-PGQghMn0adt9PTnyi2K2o/CLG3tWbOyZvwQjam5cfQbK757WmMgPErC1VqsxiQc+PItWYvqoE9gjANiFc2MpAQ==",
      "dev": true,
      "optional": true
    },
    "@tauri-apps/cli-linux-arm64-gnu": {
      "version": "1.0.2",
      "resolved": "https://registry.npmjs.org/@tauri-apps/cli-linux-arm64-gnu/-/cli-linux-arm64-gnu-1.0.2.tgz",
      "integrity": "sha512-Uc+XNlWelrnRh7DYrdxBi8Oam9JAQM1GzgEwjupF6Pv7BwlODN7s0HImGPQOKrEkqzpfmYw7KpfgWiiEjS5/3Q==",
      "dev": true,
      "optional": true
    },
    "@tauri-apps/cli-linux-arm64-musl": {
      "version": "1.0.2",
      "resolved": "https://registry.npmjs.org/@tauri-apps/cli-linux-arm64-musl/-/cli-linux-arm64-musl-1.0.2.tgz",
      "integrity": "sha512-lVwCG1QzQs2zWP32H4+Dw8NKgJ6hBox2X+bmawGfV9Ce+K4P84bnqfNgpdaSAncjeiTjrO+g7yT9gJFQCOrjlQ==",
      "dev": true,
      "optional": true
    },
    "@tauri-apps/cli-linux-x64-gnu": {
      "version": "1.0.2",
      "resolved": "https://registry.npmjs.org/@tauri-apps/cli-linux-x64-gnu/-/cli-linux-x64-gnu-1.0.2.tgz",
      "integrity": "sha512-G2XmGxvufW9sgGhA3rx+HehcifVTUo8zyISd8DpvGwtpp6Z4WakbivzKFyGiNnnok0nvj/WUrLgBxtUbfdSY+A==",
      "dev": true,
      "optional": true
    },
    "@tauri-apps/cli-linux-x64-musl": {
      "version": "1.0.2",
      "resolved": "https://registry.npmjs.org/@tauri-apps/cli-linux-x64-musl/-/cli-linux-x64-musl-1.0.2.tgz",
      "integrity": "sha512-/eX536p+KXSmkFuINGeU6EQmYiQEXj6JXbmetmJmkXN0297HbtH3rS3wlyVDCnobRzh1hMeOJEnV+XA20GghMA==",
      "dev": true,
      "optional": true
    },
    "@tauri-apps/cli-win32-ia32-msvc": {
      "version": "1.0.2",
      "resolved": "https://registry.npmjs.org/@tauri-apps/cli-win32-ia32-msvc/-/cli-win32-ia32-msvc-1.0.2.tgz",
      "integrity": "sha512-ZvnaKkCABqUbyUKlNk4RdxKyfOte30D5BxN1pj6iZNeKAwXEuTcgP6iPzOovdeaDirkIjcWCEZymwtZDXN4Rvg==",
      "dev": true,
      "optional": true
    },
    "@tauri-apps/cli-win32-x64-msvc": {
      "version": "1.0.2",
      "resolved": "https://registry.npmjs.org/@tauri-apps/cli-win32-x64-msvc/-/cli-win32-x64-msvc-1.0.2.tgz",
      "integrity": "sha512-uMcQyQQD7nyxps34HyYBYUYzFwH26lP58/qdT/GZWvBL1Sv2rqkQXuxHT7xtp4g7nTs0fGRWOtfcnvYIr/1wDw==",
      "dev": true,
      "optional": true
    },
    "type-fest": {
      "version": "2.13.1",
      "resolved": "https://registry.npmjs.org/type-fest/-/type-fest-2.13.1.tgz",
      "integrity": "sha512-hXYyrPFwETT2swFLHeoKtJrvSF/ftG/sA15/8nGaLuaDGfVAaq8DYFpu4yOyV4tzp082WqnTEoMsm3flKMI2FQ=="
    }
  }
}
